
Microsoft Visual Studio Solution File, Format Version 12.00
# Visual Studio Version 17
VisualStudioVersion = 17.6.33723.286
MinimumVisualStudioVersion = 10.0.40219.1
Project("{8BC9CEB8-8B4A-11D0-8D11-00A0C91BC942}") = "ch06", "ch06.vcxproj", "{AE8D6D7B-768C-409B-B5FB-D778758F1308}"
EndProject
Global
	GlobalSection(SolutionConfigurationPlatforms) = preSolution
		Debug|x64 = Debug|x64
		Debug|x86 = Debug|x86
		Release|x64 = Release|x64
		Release|x86 = Release|x86
	EndGlobalSection
	GlobalSection(ProjectConfigurationPlatforms) = postSolution
		{AE8D6D7B-768C-409B-B5FB-D778758F1308}.Debug|x64.ActiveCfg = Debug|x64
		{AE8D6D7B-768C-409B-B5FB-D778758F1308}.Debug|x64.Build.0 = Debug|x64
		{AE8D6D7B-768C-409B-B5FB-D778758F1308}.Debug|x86.ActiveCfg = Debug|Win32
		{AE8D6D7B-768C-409B-B5FB-D778758F1308}.Debug|x86.Build.0 = Debug|Win32
		{AE8D6D7B-768C-409B-B5FB-D778758F1308}.Release|x64.ActiveCfg = Release|x64
		{AE8D6D7B-768C-409B-B5FB-D778758F1308}.Release|x64.Build.0 = Release|x64
		{AE8D6D7B-768C-409B-B5FB-D778758F1308}.Release|x86.ActiveCfg = Release|Win32
		{AE8D6D7B-768C-409B-B5FB-D778758F1308}.Release|x86.Build.0 = Release|Win32
	EndGlobalSection
	GlobalSection(SolutionProperties) = preSolution
		HideSolutionNode = FALSE
	EndGlobalSection
	GlobalSection(ExtensibilityGlobals) = postSolution
		SolutionGuid = {C41E5786-1340-4502-A1AB-8B81DB5AB815}
	EndGlobalSection
EndGlobal
